{
  "name": "habbo-extension",
  "version": "1.0.0",
  "lockfileVersion": 2,
  "requires": true,
  "packages": {
    "": {
      "name": "habbo-extension",
      "version": "1.0.0",
      "license": "ISC",
      "workspaces": [
        "apps/server",
        "apps/client",
        "libs/trpc",
        "libs/extension",
        "libs/shared"
      ],
      "devDependencies": {
        "typescript": "^4.9.4"
      }
    },
    "apps/client": {
      "name": "@habbo-extension/client",
      "version": "1.0.0",
      "license": "ISC",
      "devDependencies": {}
    },
    "apps/server": {
      "name": "@habbo-extension/server",
      "version": "1.0.0",
      "license": "ISC",
      "dependencies": {
        "@habbo-extension/extension": "*",
        "@habbo-extension/shared": "*",
        "@habbo-extension/trpc": "*",
        "@trpc/server": "^10.8.1",
        "superjson": "^1.12.1",
        "ws": "^8.12.0"
      },
      "devDependencies": {
        "@types/ws": "^8.5.4"
      }
    },
    "libs/extension": {
      "name": "@habbo-extension/extension",
      "version": "1.0.0",
      "license": "ISC",
      "dependencies": {
        "@habbo-extension/server": "*",
        "@habbo-extension/shared": "*",
        "gnode-api": "^0.2.12"
      }
    },
    "libs/shared": {
      "name": "@habbo-extension/shared",
      "version": "1.0.0",
      "license": "ISC",
      "dependencies": {
        "zod": "^3.20.2"
      }
    },
    "libs/trpc": {
      "name": "@habbo-extension/trpc",
      "version": "1.0.0",
      "license": "ISC"
    },
    "node_modules/@habbo-extension/client": {
      "resolved": "apps/client",
      "link": true
    },
    "node_modules/@habbo-extension/extension": {
      "resolved": "libs/extension",
      "link": true
    },
    "node_modules/@habbo-extension/server": {
      "resolved": "apps/server",
      "link": true
    },
    "node_modules/@habbo-extension/shared": {
      "resolved": "libs/shared",
      "link": true
    },
    "node_modules/@habbo-extension/trpc": {
      "resolved": "libs/trpc",
      "link": true
    },
    "node_modules/@trpc/server": {
      "version": "10.8.1",
      "resolved": "https://registry.npmjs.org/@trpc/server/-/server-10.8.1.tgz",
      "integrity": "sha512-oSNYgFNJbjki4jBByJ/SKHasB/X7kTsEbVGaONNH1DHMz638xlYXPQucV+2bWbhCm5HlXhQTaVN7Or0lsCuUUQ=="
    },
    "node_modules/@types/node": {
      "version": "18.11.18",
      "resolved": "https://registry.npmjs.org/@types/node/-/node-18.11.18.tgz",
      "integrity": "sha512-DHQpWGjyQKSHj3ebjFI/wRKcqQcdR+MoFBygntYOZytCqNfkd2ZC4ARDJ2DQqhjH5p85Nnd3jhUJIXrszFX/JA==",
      "dev": true
    },
    "node_modules/@types/ws": {
      "version": "8.5.4",
      "resolved": "https://registry.npmjs.org/@types/ws/-/ws-8.5.4.tgz",
      "integrity": "sha512-zdQDHKUgcX/zBc4GrwsE/7dVdAD8JR4EuiAXiiUhhfyIJXXb2+PrGshFyeXWQPMmmZ2XxgaqclgpIC7eTXc1mg==",
      "dev": true,
      "dependencies": {
        "@types/node": "*"
      }
    },
    "node_modules/copy-anything": {
      "version": "3.0.3",
      "resolved": "https://registry.npmjs.org/copy-anything/-/copy-anything-3.0.3.tgz",
      "integrity": "sha512-fpW2W/BqEzqPp29QS+MwwfisHCQZtiduTe/m8idFo0xbti9fIZ2WVhAsCv4ggFVH3AgCkVdpoOCtQC6gBrdhjw==",
      "dependencies": {
        "is-what": "^4.1.8"
      },
      "engines": {
        "node": ">=12.13"
      },
      "funding": {
        "url": "https://github.com/sponsors/mesqueeb"
      }
    },
    "node_modules/data-uri-to-buffer": {
      "version": "4.0.0",
      "resolved": "https://registry.npmjs.org/data-uri-to-buffer/-/data-uri-to-buffer-4.0.0.tgz",
      "integrity": "sha512-Vr3mLBA8qWmcuschSLAOogKgQ/Jwxulv3RNE4FXnYWRGujzrRWQI4m12fQqRkwX06C0KanhLr4hK+GydchZsaA==",
      "engines": {
        "node": ">= 12"
      }
    },
    "node_modules/fetch-blob": {
      "version": "3.2.0",
      "resolved": "https://registry.npmjs.org/fetch-blob/-/fetch-blob-3.2.0.tgz",
      "integrity": "sha512-7yAQpD2UMJzLi1Dqv7qFYnPbaPx7ZfFK6PiIxQ4PfkGPyNyl2Ugx+a/umUonmKqjhM4DnfbMvdX6otXq83soQQ==",
      "funding": [
        {
          "type": "github",
          "url": "https://github.com/sponsors/jimmywarting"
        },
        {
          "type": "paypal",
          "url": "https://paypal.me/jimmywarting"
        }
      ],
      "dependencies": {
        "node-domexception": "^1.0.0",
        "web-streams-polyfill": "^3.0.3"
      },
      "engines": {
        "node": "^12.20 || >= 14.13"
      }
    },
    "node_modules/formdata-polyfill": {
      "version": "4.0.10",
      "resolved": "https://registry.npmjs.org/formdata-polyfill/-/formdata-polyfill-4.0.10.tgz",
      "integrity": "sha512-buewHzMvYL29jdeQTVILecSaZKnt/RJWjoZCF5OW60Z67/GmSLBkOFM7qh1PI3zFNtJbaZL5eQu1vLfazOwj4g==",
      "dependencies": {
        "fetch-blob": "^3.1.2"
      },
      "engines": {
        "node": ">=12.20.0"
      }
    },
    "node_modules/gnode-api": {
      "version": "0.2.12",
      "resolved": "https://registry.npmjs.org/gnode-api/-/gnode-api-0.2.12.tgz",
      "integrity": "sha512-tz8iQMLSGtoo055y+Ncp0fvSS52B1TJRym3eL1dwqAqsO3fM+XhMQVtRn/simTA4u7NaZcNUF22K41+Cd1oAfA==",
      "dependencies": {
        "@types/node": "^16.4.13",
        "node-fetch": "^3.2.10"
      },
      "engines": {
        "node": ">=15.0.0"
      }
    },
    "node_modules/gnode-api/node_modules/@types/node": {
      "version": "16.18.11",
      "resolved": "https://registry.npmjs.org/@types/node/-/node-16.18.11.tgz",
      "integrity": "sha512-3oJbGBUWuS6ahSnEq1eN2XrCyf4YsWI8OyCvo7c64zQJNplk3mO84t53o8lfTk+2ji59g5ycfc6qQ3fdHliHuA=="
    },
    "node_modules/is-what": {
      "version": "4.1.8",
      "resolved": "https://registry.npmjs.org/is-what/-/is-what-4.1.8.tgz",
      "integrity": "sha512-yq8gMao5upkPoGEU9LsB2P+K3Kt8Q3fQFCGyNCWOAnJAMzEXVV9drYb0TXr42TTliLLhKIBvulgAXgtLLnwzGA==",
      "engines": {
        "node": ">=12.13"
      },
      "funding": {
        "url": "https://github.com/sponsors/mesqueeb"
      }
    },
    "node_modules/node-domexception": {
      "version": "1.0.0",
      "resolved": "https://registry.npmjs.org/node-domexception/-/node-domexception-1.0.0.tgz",
      "integrity": "sha512-/jKZoMpw0F8GRwl4/eLROPA3cfcXtLApP0QzLmUT/HuPCZWyB7IY9ZrMeKw2O/nFIqPQB3PVM9aYm0F312AXDQ==",
      "funding": [
        {
          "type": "github",
          "url": "https://github.com/sponsors/jimmywarting"
        },
        {
          "type": "github",
          "url": "https://paypal.me/jimmywarting"
        }
      ],
      "engines": {
        "node": ">=10.5.0"
      }
    },
    "node_modules/node-fetch": {
      "version": "3.3.0",
      "resolved": "https://registry.npmjs.org/node-fetch/-/node-fetch-3.3.0.tgz",
      "integrity": "sha512-BKwRP/O0UvoMKp7GNdwPlObhYGB5DQqwhEDQlNKuoqwVYSxkSZCSbHjnFFmUEtwSKRPU4kNK8PbDYYitwaE3QA==",
      "dependencies": {
        "data-uri-to-buffer": "^4.0.0",
        "fetch-blob": "^3.1.4",
        "formdata-polyfill": "^4.0.10"
      },
      "engines": {
        "node": "^12.20.0 || ^14.13.1 || >=16.0.0"
      },
      "funding": {
        "type": "opencollective",
        "url": "https://opencollective.com/node-fetch"
      }
    },
    "node_modules/superjson": {
      "version": "1.12.1",
      "resolved": "https://registry.npmjs.org/superjson/-/superjson-1.12.1.tgz",
      "integrity": "sha512-HMTj43zvwW5bD+JCZCvFf4DkZQCmiLTen4C+W1Xogj0SPOpnhxsriogM04QmBVGH5b3kcIIOr6FqQ/aoIDx7TQ==",
      "dependencies": {
        "copy-anything": "^3.0.2"
      },
      "engines": {
        "node": ">=10"
      }
    },
    "node_modules/typescript": {
      "version": "4.9.4",
      "resolved": "https://registry.npmjs.org/typescript/-/typescript-4.9.4.tgz",
      "integrity": "sha512-Uz+dTXYzxXXbsFpM86Wh3dKCxrQqUcVMxwU54orwlJjOpO3ao8L7j5lH+dWfTwgCwIuM9GQ2kvVotzYJMXTBZg==",
      "dev": true,
      "bin": {
        "tsc": "bin/tsc",
        "tsserver": "bin/tsserver"
      },
      "engines": {
        "node": ">=4.2.0"
      }
    },
    "node_modules/web-streams-polyfill": {
      "version": "3.2.1",
      "resolved": "https://registry.npmjs.org/web-streams-polyfill/-/web-streams-polyfill-3.2.1.tgz",
      "integrity": "sha512-e0MO3wdXWKrLbL0DgGnUV7WHVuw9OUvL4hjgnPkIeEvESk74gAITi5G606JtZPp39cd8HA9VQzCIvA49LpPN5Q==",
      "engines": {
        "node": ">= 8"
      }
    },
    "node_modules/ws": {
      "version": "8.12.0",
      "resolved": "https://registry.npmjs.org/ws/-/ws-8.12.0.tgz",
      "integrity": "sha512-kU62emKIdKVeEIOIKVegvqpXMSTAMLJozpHZaJNDYqBjzlSYXQGviYwN1osDLJ9av68qHd4a2oSjd7yD4pacig==",
      "engines": {
        "node": ">=10.0.0"
      },
      "peerDependencies": {
        "bufferutil": "^4.0.1",
        "utf-8-validate": ">=5.0.2"
      },
      "peerDependenciesMeta": {
        "bufferutil": {
          "optional": true
        },
        "utf-8-validate": {
          "optional": true
        }
      }
    },
    "node_modules/zod": {
      "version": "3.20.2",
      "resolved": "https://registry.npmjs.org/zod/-/zod-3.20.2.tgz",
      "integrity": "sha512-1MzNQdAvO+54H+EaK5YpyEy0T+Ejo/7YLHS93G3RnYWh5gaotGHwGeN/ZO687qEDU2y4CdStQYXVHIgrUl5UVQ==",
      "funding": {
        "url": "https://github.com/sponsors/colinhacks"
      }
    }
  },
  "dependencies": {
    "@habbo-extension/client": {
      "version": "file:apps/client"
    },
    "@habbo-extension/extension": {
      "version": "file:libs/extension",
      "requires": {
        "@habbo-extension/server": "*",
        "@habbo-extension/shared": "*",
        "gnode-api": "*"
      }
    },
    "@habbo-extension/server": {
      "version": "file:apps/server",
      "requires": {
        "@habbo-extension/extension": "*",
        "@habbo-extension/shared": "*",
        "@habbo-extension/trpc": "*",
        "@trpc/server": "^10.8.1",
        "@types/ws": "^8.5.4",
        "superjson": "^1.12.1",
        "ws": "^8.12.0"
      }
    },
    "@habbo-extension/shared": {
      "version": "file:libs/shared",
      "requires": {
        "zod": "^3.20.2"
      }
    },
    "@habbo-extension/trpc": {
      "version": "file:libs/trpc"
    },
    "@trpc/server": {
      "version": "10.8.1",
      "resolved": "https://registry.npmjs.org/@trpc/server/-/server-10.8.1.tgz",
      "integrity": "sha512-oSNYgFNJbjki4jBByJ/SKHasB/X7kTsEbVGaONNH1DHMz638xlYXPQucV+2bWbhCm5HlXhQTaVN7Or0lsCuUUQ=="
    },
    "@types/node": {
      "version": "18.11.18",
      "resolved": "https://registry.npmjs.org/@types/node/-/node-18.11.18.tgz",
      "integrity": "sha512-DHQpWGjyQKSHj3ebjFI/wRKcqQcdR+MoFBygntYOZytCqNfkd2ZC4ARDJ2DQqhjH5p85Nnd3jhUJIXrszFX/JA==",
      "dev": true
    },
    "@types/ws": {
      "version": "8.5.4",
      "resolved": "https://registry.npmjs.org/@types/ws/-/ws-8.5.4.tgz",
      "integrity": "sha512-zdQDHKUgcX/zBc4GrwsE/7dVdAD8JR4EuiAXiiUhhfyIJXXb2+PrGshFyeXWQPMmmZ2XxgaqclgpIC7eTXc1mg==",
      "dev": true,
      "requires": {
        "@types/node": "*"
      }
    },
    "copy-anything": {
      "version": "3.0.3",
      "resolved": "https://registry.npmjs.org/copy-anything/-/copy-anything-3.0.3.tgz",
      "integrity": "sha512-fpW2W/BqEzqPp29QS+MwwfisHCQZtiduTe/m8idFo0xbti9fIZ2WVhAsCv4ggFVH3AgCkVdpoOCtQC6gBrdhjw==",
      "requires": {
        "is-what": "^4.1.8"
      }
    },
    "data-uri-to-buffer": {
      "version": "4.0.0",
      "resolved": "https://registry.npmjs.org/data-uri-to-buffer/-/data-uri-to-buffer-4.0.0.tgz",
      "integrity": "sha512-Vr3mLBA8qWmcuschSLAOogKgQ/Jwxulv3RNE4FXnYWRGujzrRWQI4m12fQqRkwX06C0KanhLr4hK+GydchZsaA=="
    },
    "fetch-blob": {
      "version": "3.2.0",
      "resolved": "https://registry.npmjs.org/fetch-blob/-/fetch-blob-3.2.0.tgz",
      "integrity": "sha512-7yAQpD2UMJzLi1Dqv7qFYnPbaPx7ZfFK6PiIxQ4PfkGPyNyl2Ugx+a/umUonmKqjhM4DnfbMvdX6otXq83soQQ==",
      "requires": {
        "node-domexception": "^1.0.0",
        "web-streams-polyfill": "^3.0.3"
      }
    },
    "formdata-polyfill": {
      "version": "4.0.10",
      "resolved": "https://registry.npmjs.org/formdata-polyfill/-/formdata-polyfill-4.0.10.tgz",
      "integrity": "sha512-buewHzMvYL29jdeQTVILecSaZKnt/RJWjoZCF5OW60Z67/GmSLBkOFM7qh1PI3zFNtJbaZL5eQu1vLfazOwj4g==",
      "requires": {
        "fetch-blob": "^3.1.2"
      }
    },
    "gnode-api": {
      "version": "0.2.12",
      "resolved": "https://registry.npmjs.org/gnode-api/-/gnode-api-0.2.12.tgz",
      "integrity": "sha512-tz8iQMLSGtoo055y+Ncp0fvSS52B1TJRym3eL1dwqAqsO3fM+XhMQVtRn/simTA4u7NaZcNUF22K41+Cd1oAfA==",
      "requires": {
        "@types/node": "^16.4.13",
        "node-fetch": "^3.2.10"
      },
      "dependencies": {
        "@types/node": {
          "version": "16.18.11",
          "resolved": "https://registry.npmjs.org/@types/node/-/node-16.18.11.tgz",
          "integrity": "sha512-3oJbGBUWuS6ahSnEq1eN2XrCyf4YsWI8OyCvo7c64zQJNplk3mO84t53o8lfTk+2ji59g5ycfc6qQ3fdHliHuA=="
        }
      }
    },
    "is-what": {
      "version": "4.1.8",
      "resolved": "https://registry.npmjs.org/is-what/-/is-what-4.1.8.tgz",
      "integrity": "sha512-yq8gMao5upkPoGEU9LsB2P+K3Kt8Q3fQFCGyNCWOAnJAMzEXVV9drYb0TXr42TTliLLhKIBvulgAXgtLLnwzGA=="
    },
    "node-domexception": {
      "version": "1.0.0",
      "resolved": "https://registry.npmjs.org/node-domexception/-/node-domexception-1.0.0.tgz",
      "integrity": "sha512-/jKZoMpw0F8GRwl4/eLROPA3cfcXtLApP0QzLmUT/HuPCZWyB7IY9ZrMeKw2O/nFIqPQB3PVM9aYm0F312AXDQ=="
    },
    "node-fetch": {
      "version": "3.3.0",
      "resolved": "https://registry.npmjs.org/node-fetch/-/node-fetch-3.3.0.tgz",
      "integrity": "sha512-BKwRP/O0UvoMKp7GNdwPlObhYGB5DQqwhEDQlNKuoqwVYSxkSZCSbHjnFFmUEtwSKRPU4kNK8PbDYYitwaE3QA==",
      "requires": {
        "data-uri-to-buffer": "^4.0.0",
        "fetch-blob": "^3.1.4",
        "formdata-polyfill": "^4.0.10"
      }
    },
    "superjson": {
      "version": "1.12.1",
      "resolved": "https://registry.npmjs.org/superjson/-/superjson-1.12.1.tgz",
      "integrity": "sha512-HMTj43zvwW5bD+JCZCvFf4DkZQCmiLTen4C+W1Xogj0SPOpnhxsriogM04QmBVGH5b3kcIIOr6FqQ/aoIDx7TQ==",
      "requires": {
        "copy-anything": "^3.0.2"
      }
    },
    "typescript": {
      "version": "4.9.4",
      "resolved": "https://registry.npmjs.org/typescript/-/typescript-4.9.4.tgz",
      "integrity": "sha512-Uz+dTXYzxXXbsFpM86Wh3dKCxrQqUcVMxwU54orwlJjOpO3ao8L7j5lH+dWfTwgCwIuM9GQ2kvVotzYJMXTBZg==",
      "dev": true
    },
    "web-streams-polyfill": {
      "version": "3.2.1",
      "resolved": "https://registry.npmjs.org/web-streams-polyfill/-/web-streams-polyfill-3.2.1.tgz",
      "integrity": "sha512-e0MO3wdXWKrLbL0DgGnUV7WHVuw9OUvL4hjgnPkIeEvESk74gAITi5G606JtZPp39cd8HA9VQzCIvA49LpPN5Q=="
    },
    "ws": {
      "version": "8.12.0",
      "resolved": "https://registry.npmjs.org/ws/-/ws-8.12.0.tgz",
      "integrity": "sha512-kU62emKIdKVeEIOIKVegvqpXMSTAMLJozpHZaJNDYqBjzlSYXQGviYwN1osDLJ9av68qHd4a2oSjd7yD4pacig==",
      "requires": {}
    },
    "zod": {
      "version": "3.20.2",
      "resolved": "https://registry.npmjs.org/zod/-/zod-3.20.2.tgz",
      "integrity": "sha512-1MzNQdAvO+54H+EaK5YpyEy0T+Ejo/7YLHS93G3RnYWh5gaotGHwGeN/ZO687qEDU2y4CdStQYXVHIgrUl5UVQ=="
    }
  }
}
